
Microsoft Visual Studio Solution File, Format Version 12.00
# Visual Studio Version 16
VisualStudioVersion = 16.0.28531.58
MinimumVisualStudioVersion = 10.0.40219.1
Project("{8BC9CEB8-8B4A-11D0-8D11-00A0C91BC942}") = "19.02.19", "19.02.19.vcxproj", "{26735FF9-5DE7-4F87-9332-AA92B5929E4C}"
EndProject
Global
	GlobalSection(SolutionConfigurationPlatforms) = preSolution
		Debug|x64 = Debug|x64
		Debug|x86 = Debug|x86
		Release|x64 = Release|x64
		Release|x86 = Release|x86
	EndGlobalSection
	GlobalSection(ProjectConfigurationPlatforms) = postSolution
		{26735FF9-5DE7-4F87-9332-AA92B5929E4C}.Debug|x64.ActiveCfg = Debug|x64
		{26735FF9-5DE7-4F87-9332-AA92B5929E4C}.Debug|x64.Build.0 = Debug|x64
		{26735FF9-5DE7-4F87-9332-AA92B5929E4C}.Debug|x86.ActiveCfg = Debug|Win32
		{26735FF9-5DE7-4F87-9332-AA92B5929E4C}.Debug|x86.Build.0 = Debug|Win32
		{26735FF9-5DE7-4F87-9332-AA92B5929E4C}.Release|x64.ActiveCfg = Release|x64
		{26735FF9-5DE7-4F87-9332-AA92B5929E4C}.Release|x64.Build.0 = Release|x64
		{26735FF9-5DE7-4F87-9332-AA92B5929E4C}.Release|x86.ActiveCfg = Release|Win32
		{26735FF9-5DE7-4F87-9332-AA92B5929E4C}.Release|x86.Build.0 = Release|Win32
	EndGlobalSection
	GlobalSection(SolutionProperties) = preSolution
		HideSolutionNode = FALSE
	EndGlobalSection
	GlobalSection(ExtensibilityGlobals) = postSolution
		SolutionGuid = {AE4524BF-C0D0-4198-9B19-90C8878B6982}
	EndGlobalSection
EndGlobal
